Microsoft Visual Studio Solution File, Format Version 9.00
# Visual Studio 2005
Project("{8BC9CEB8-8B4A-11D0-8D11-00A0C91BC942}") = "libjpeg", "..\libjpeg\libjpeg.vcproj", "{957A7526-F153-43B7-A86F-A0D5F0C5B2A8}"
EndProject
Project("{8BC9CEB8-8B4A-11D0-8D11-00A0C91BC942}") = "omnithread", "omnithread\omnithread.vcproj", "{2BAEA4AD-B3AE-45F2-BC91-7A2D8954EEAE}"
EndProject
Project("{8BC9CEB8-8B4A-11D0-8D11-00A0C91BC942}") = "vncviewer", "vncviewer.vcproj", "{B4089B70-4DA2-4C7C-B164-6EECB77C2069}"
	ProjectSection(ProjectDependencies) = postProject
		{957A7526-F153-43B7-A86F-A0D5F0C5B2A8} = {957A7526-F153-43B7-A86F-A0D5F0C5B2A8}
		{A87A246B-7D36-4587-BF4D-BBF4F0BE8AD1} = {A87A246B-7D36-4587-BF4D-BBF4F0BE8AD1}
		{2BAEA4AD-B3AE-45F2-BC91-7A2D8954EEAE} = {2BAEA4AD-B3AE-45F2-BC91-7A2D8954EEAE}
		{2FCA0CB0-57BE-4181-AE90-D7E466AA74D2} = {2FCA0CB0-57BE-4181-AE90-D7E466AA74D2}
	EndProjectSection
EndProject
Project("{8BC9CEB8-8B4A-11D0-8D11-00A0C91BC942}") = "zlib", "..\libpng\projects\visualc71\zlib.vcproj", "{2FCA0CB0-57BE-4181-AE90-D7E466AA74D2}"
EndProject
Project("{8BC9CEB8-8B4A-11D0-8D11-00A0C91BC942}") = "libpng", "..\libpng\projects\visualc71\libpng.vcproj", "{A87A246B-7D36-4587-BF4D-BBF4F0BE8AD1}"
EndProject
Global
	GlobalSection(SolutionConfigurationPlatforms) = preSolution
		Debug|Win32 = Debug|Win32
		DLL ASM Debug|Win32 = DLL ASM Debug|Win32
		DLL ASM Release|Win32 = DLL ASM Release|Win32
		DLL Debug|Win32 = DLL Debug|Win32
		DLL Release|Win32 = DLL Release|Win32
		DLL VB|Win32 = DLL VB|Win32
		LIB ASM Debug|Win32 = LIB ASM Debug|Win32
		LIB ASM Release|Win32 = LIB ASM Release|Win32
		LIB Debug|Win32 = LIB Debug|Win32
		LIB Release|Win32 = LIB Release|Win32
		Release|Win32 = Release|Win32
	EndGlobalSection
	GlobalSection(ProjectConfigurationPlatforms) = postSolution
		{957A7526-F153-43B7-A86F-A0D5F0C5B2A8}.Debug|Win32.ActiveCfg = Debug|Win32
		{957A7526-F153-43B7-A86F-A0D5F0C5B2A8}.Debug|Win32.Build.0 = Debug|Win32
		{957A7526-F153-43B7-A86F-A0D5F0C5B2A8}.DLL ASM Debug|Win32.ActiveCfg = Debug|Win32
		{957A7526-F153-43B7-A86F-A0D5F0C5B2A8}.DLL ASM Debug|Win32.Build.0 = Debug|Win32
		{957A7526-F153-43B7-A86F-A0D5F0C5B2A8}.DLL ASM Release|Win32.ActiveCfg = Release|Win32
		{957A7526-F153-43B7-A86F-A0D5F0C5B2A8}.DLL ASM Release|Win32.Build.0 = Release|Win32
		{957A7526-F153-43B7-A86F-A0D5F0C5B2A8}.DLL Debug|Win32.ActiveCfg = Debug|Win32
		{957A7526-F153-43B7-A86F-A0D5F0C5B2A8}.DLL Debug|Win32.Build.0 = Debug|Win32
		{957A7526-F153-43B7-A86F-A0D5F0C5B2A8}.DLL Release|Win32.ActiveCfg = Release|Win32
		{957A7526-F153-43B7-A86F-A0D5F0C5B2A8}.DLL Release|Win32.Build.0 = Release|Win32
		{957A7526-F153-43B7-A86F-A0D5F0C5B2A8}.DLL VB|Win32.ActiveCfg = Debug|Win32
		{957A7526-F153-43B7-A86F-A0D5F0C5B2A8}.DLL VB|Win32.Build.0 = Debug|Win32
		{957A7526-F153-43B7-A86F-A0D5F0C5B2A8}.LIB ASM Debug|Win32.ActiveCfg = Debug|Win32
		{957A7526-F153-43B7-A86F-A0D5F0C5B2A8}.LIB ASM Debug|Win32.Build.0 = Debug|Win32
		{957A7526-F153-43B7-A86F-A0D5F0C5B2A8}.LIB ASM Release|Win32.ActiveCfg = Release|Win32
		{957A7526-F153-43B7-A86F-A0D5F0C5B2A8}.LIB ASM Release|Win32.Build.0 = Release|Win32
		{957A7526-F153-43B7-A86F-A0D5F0C5B2A8}.LIB Debug|Win32.ActiveCfg = Debug|Win32
		{957A7526-F153-43B7-A86F-A0D5F0C5B2A8}.LIB Debug|Win32.Build.0 = Debug|Win32
		{957A7526-F153-43B7-A86F-A0D5F0C5B2A8}.LIB Release|Win32.ActiveCfg = Release|Win32
		{957A7526-F153-43B7-A86F-A0D5F0C5B2A8}.LIB Release|Win32.Build.0 = Release|Win32
		{957A7526-F153-43B7-A86F-A0D5F0C5B2A8}.Release|Win32.ActiveCfg = Release|Win32
		{957A7526-F153-43B7-A86F-A0D5F0C5B2A8}.Release|Win32.Build.0 = Release|Win32
		{2BAEA4AD-B3AE-45F2-BC91-7A2D8954EEAE}.Debug|Win32.ActiveCfg = Debug|Win32
		{2BAEA4AD-B3AE-45F2-BC91-7A2D8954EEAE}.Debug|Win32.Build.0 = Debug|Win32
		{2BAEA4AD-B3AE-45F2-BC91-7A2D8954EEAE}.DLL ASM Debug|Win32.ActiveCfg = Debug|Win32
		{2BAEA4AD-B3AE-45F2-BC91-7A2D8954EEAE}.DLL ASM Debug|Win32.Build.0 = Debug|Win32
		{2BAEA4AD-B3AE-45F2-BC91-7A2D8954EEAE}.DLL ASM Release|Win32.ActiveCfg = Release|Win32
		{2BAEA4AD-B3AE-45F2-BC91-7A2D8954EEAE}.DLL ASM Release|Win32.Build.0 = Release|Win32
		{2BAEA4AD-B3AE-45F2-BC91-7A2D8954EEAE}.DLL Debug|Win32.ActiveCfg = Debug|Win32
		{2BAEA4AD-B3AE-45F2-BC91-7A2D8954EEAE}.DLL Debug|Win32.Build.0 = Debug|Win32
		{2BAEA4AD-B3AE-45F2-BC91-7A2D8954EEAE}.DLL Release|Win32.ActiveCfg = Release|Win32
		{2BAEA4AD-B3AE-45F2-BC91-7A2D8954EEAE}.DLL Release|Win32.Build.0 = Release|Win32
		{2BAEA4AD-B3AE-45F2-BC91-7A2D8954EEAE}.DLL VB|Win32.ActiveCfg = Debug|Win32
		{2BAEA4AD-B3AE-45F2-BC91-7A2D8954EEAE}.DLL VB|Win32.Build.0 = Debug|Win32
		{2BAEA4AD-B3AE-45F2-BC91-7A2D8954EEAE}.LIB ASM Debug|Win32.ActiveCfg = Debug|Win32
		{2BAEA4AD-B3AE-45F2-BC91-7A2D8954EEAE}.LIB ASM Debug|Win32.Build.0 = Debug|Win32
		{2BAEA4AD-B3AE-45F2-BC91-7A2D8954EEAE}.LIB ASM Release|Win32.ActiveCfg = Release|Win32
		{2BAEA4AD-B3AE-45F2-BC91-7A2D8954EEAE}.LIB ASM Release|Win32.Build.0 = Release|Win32
		{2BAEA4AD-B3AE-45F2-BC91-7A2D8954EEAE}.LIB Debug|Win32.ActiveCfg = Debug|Win32
		{2BAEA4AD-B3AE-45F2-BC91-7A2D8954EEAE}.LIB Debug|Win32.Build.0 = Debug|Win32
		{2BAEA4AD-B3AE-45F2-BC91-7A2D8954EEAE}.LIB Release|Win32.ActiveCfg = Release|Win32
		{2BAEA4AD-B3AE-45F2-BC91-7A2D8954EEAE}.LIB Release|Win32.Build.0 = Release|Win32
		{2BAEA4AD-B3AE-45F2-BC91-7A2D8954EEAE}.Release|Win32.ActiveCfg = Release|Win32
		{2BAEA4AD-B3AE-45F2-BC91-7A2D8954EEAE}.Release|Win32.Build.0 = Release|Win32
		{B4089B70-4DA2-4C7C-B164-6EECB77C2069}.Debug|Win32.ActiveCfg = Debug|Win32
		{B4089B70-4DA2-4C7C-B164-6EECB77C2069}.Debug|Win32.Build.0 = Debug|Win32
		{B4089B70-4DA2-4C7C-B164-6EECB77C2069}.DLL ASM Debug|Win32.ActiveCfg = Debug|Win32
		{B4089B70-4DA2-4C7C-B164-6EECB77C2069}.DLL ASM Debug|Win32.Build.0 = Debug|Win32
		{B4089B70-4DA2-4C7C-B164-6EECB77C2069}.DLL ASM Release|Win32.ActiveCfg = Release|Win32
		{B4089B70-4DA2-4C7C-B164-6EECB77C2069}.DLL ASM Release|Win32.Build.0 = Release|Win32
		{B4089B70-4DA2-4C7C-B164-6EECB77C2069}.DLL Debug|Win32.ActiveCfg = Debug|Win32
		{B4089B70-4DA2-4C7C-B164-6EECB77C2069}.DLL Debug|Win32.Build.0 = Debug|Win32
		{B4089B70-4DA2-4C7C-B164-6EECB77C2069}.DLL Release|Win32.ActiveCfg = Release|Win32
		{B4089B70-4DA2-4C7C-B164-6EECB77C2069}.DLL Release|Win32.Build.0 = Release|Win32
		{B4089B70-4DA2-4C7C-B164-6EECB77C2069}.DLL VB|Win32.ActiveCfg = Debug|Win32
		{B4089B70-4DA2-4C7C-B164-6EECB77C2069}.DLL VB|Win32.Build.0 = Debug|Win32
		{B4089B70-4DA2-4C7C-B164-6EECB77C2069}.LIB ASM Debug|Win32.ActiveCfg = Debug|Win32
		{B4089B70-4DA2-4C7C-B164-6EECB77C2069}.LIB ASM Debug|Win32.Build.0 = Debug|Win32
		{B4089B70-4DA2-4C7C-B164-6EECB77C2069}.LIB ASM Release|Win32.ActiveCfg = Release|Win32
		{B4089B70-4DA2-4C7C-B164-6EECB77C2069}.LIB ASM Release|Win32.Build.0 = Release|Win32
		{B4089B70-4DA2-4C7C-B164-6EECB77C2069}.LIB Debug|Win32.ActiveCfg = Debug|Win32
		{B4089B70-4DA2-4C7C-B164-6EECB77C2069}.LIB Debug|Win32.Build.0 = Debug|Win32
		{B4089B70-4DA2-4C7C-B164-6EECB77C2069}.LIB Release|Win32.ActiveCfg = Release|Win32
		{B4089B70-4DA2-4C7C-B164-6EECB77C2069}.LIB Release|Win32.Build.0 = Release|Win32
		{B4089B70-4DA2-4C7C-B164-6EECB77C2069}.Release|Win32.ActiveCfg = Release|Win32
		{B4089B70-4DA2-4C7C-B164-6EECB77C2069}.Release|Win32.Build.0 = Release|Win32
		{2FCA0CB0-57BE-4181-AE90-D7E466AA74D2}.Debug|Win32.ActiveCfg = LIB Debug|Win32
		{2FCA0CB0-57BE-4181-AE90-D7E466AA74D2}.Debug|Win32.Build.0 = LIB Debug|Win32
		{2FCA0CB0-57BE-4181-AE90-D7E466AA74D2}.DLL ASM Debug|Win32.ActiveCfg = DLL ASM Debug|Win32
		{2FCA0CB0-57BE-4181-AE90-D7E466AA74D2}.DLL ASM Debug|Win32.Build.0 = DLL ASM Debug|Win32
		{2FCA0CB0-57BE-4181-AE90-D7E466AA74D2}.DLL ASM Release|Win32.ActiveCfg = DLL ASM Release|Win32
		{2FCA0CB0-57BE-4181-AE90-D7E466AA74D2}.DLL ASM Release|Win32.Build.0 = DLL ASM Release|Win32
		{2FCA0CB0-57BE-4181-AE90-D7E466AA74D2}.DLL Debug|Win32.ActiveCfg = DLL Debug|Win32
		{2FCA0CB0-57BE-4181-AE90-D7E466AA74D2}.DLL Debug|Win32.Build.0 = DLL Debug|Win32
		{2FCA0CB0-57BE-4181-AE90-D7E466AA74D2}.DLL Release|Win32.ActiveCfg = DLL Release|Win32
		{2FCA0CB0-57BE-4181-AE90-D7E466AA74D2}.DLL Release|Win32.Build.0 = DLL Release|Win32
		{2FCA0CB0-57BE-4181-AE90-D7E466AA74D2}.DLL VB|Win32.ActiveCfg = DLL ASM Debug|Win32
		{2FCA0CB0-57BE-4181-AE90-D7E466AA74D2}.DLL VB|Win32.Build.0 = DLL ASM Debug|Win32
		{2FCA0CB0-57BE-4181-AE90-D7E466AA74D2}.LIB ASM Debug|Win32.ActiveCfg = LIB ASM Debug|Win32
		{2FCA0CB0-57BE-4181-AE90-D7E466AA74D2}.LIB ASM Debug|Win32.Build.0 = LIB ASM Debug|Win32
		{2FCA0CB0-57BE-4181-AE90-D7E466AA74D2}.LIB ASM Release|Win32.ActiveCfg = LIB ASM Release|Win32
		{2FCA0CB0-57BE-4181-AE90-D7E466AA74D2}.LIB ASM Release|Win32.Build.0 = LIB ASM Release|Win32
		{2FCA0CB0-57BE-4181-AE90-D7E466AA74D2}.LIB Debug|Win32.ActiveCfg = LIB Debug|Win32
		{2FCA0CB0-57BE-4181-AE90-D7E466AA74D2}.LIB Debug|Win32.Build.0 = LIB Debug|Win32
		{2FCA0CB0-57BE-4181-AE90-D7E466AA74D2}.LIB Release|Win32.ActiveCfg = LIB Release|Win32
		{2FCA0CB0-57BE-4181-AE90-D7E466AA74D2}.LIB Release|Win32.Build.0 = LIB Release|Win32
		{2FCA0CB0-57BE-4181-AE90-D7E466AA74D2}.Release|Win32.ActiveCfg = LIB Release|Win32
		{2FCA0CB0-57BE-4181-AE90-D7E466AA74D2}.Release|Win32.Build.0 = LIB Release|Win32
		{A87A246B-7D36-4587-BF4D-BBF4F0BE8AD1}.Debug|Win32.ActiveCfg = LIB Debug|Win32
		{A87A246B-7D36-4587-BF4D-BBF4F0BE8AD1}.Debug|Win32.Build.0 = LIB Debug|Win32
		{A87A246B-7D36-4587-BF4D-BBF4F0BE8AD1}.DLL ASM Debug|Win32.ActiveCfg = DLL ASM Debug|Win32
		{A87A246B-7D36-4587-BF4D-BBF4F0BE8AD1}.DLL ASM Debug|Win32.Build.0 = DLL ASM Debug|Win32
		{A87A246B-7D36-4587-BF4D-BBF4F0BE8AD1}.DLL ASM Release|Win32.ActiveCfg = DLL ASM Release|Win32
		{A87A246B-7D36-4587-BF4D-BBF4F0BE8AD1}.DLL ASM Release|Win32.Build.0 = DLL ASM Release|Win32
		{A87A246B-7D36-4587-BF4D-BBF4F0BE8AD1}.DLL Debug|Win32.ActiveCfg = DLL Debug|Win32
		{A87A246B-7D36-4587-BF4D-BBF4F0BE8AD1}.DLL Debug|Win32.Build.0 = DLL Debug|Win32
		{A87A246B-7D36-4587-BF4D-BBF4F0BE8AD1}.DLL Release|Win32.ActiveCfg = DLL Release|Win32
		{A87A246B-7D36-4587-BF4D-BBF4F0BE8AD1}.DLL Release|Win32.Build.0 = DLL Release|Win32
		{A87A246B-7D36-4587-BF4D-BBF4F0BE8AD1}.DLL VB|Win32.ActiveCfg = DLL VB|Win32
		{A87A246B-7D36-4587-BF4D-BBF4F0BE8AD1}.DLL VB|Win32.Build.0 = DLL VB|Win32
		{A87A246B-7D36-4587-BF4D-BBF4F0BE8AD1}.LIB ASM Debug|Win32.ActiveCfg = LIB ASM Debug|Win32
		{A87A246B-7D36-4587-BF4D-BBF4F0BE8AD1}.LIB ASM Debug|Win32.Build.0 = LIB ASM Debug|Win32
		{A87A246B-7D36-4587-BF4D-BBF4F0BE8AD1}.LIB ASM Release|Win32.ActiveCfg = LIB ASM Release|Win32
		{A87A246B-7D36-4587-BF4D-BBF4F0BE8AD1}.LIB ASM Release|Win32.Build.0 = LIB ASM Release|Win32
		{A87A246B-7D36-4587-BF4D-BBF4F0BE8AD1}.LIB Debug|Win32.ActiveCfg = LIB Debug|Win32
		{A87A246B-7D36-4587-BF4D-BBF4F0BE8AD1}.LIB Debug|Win32.Build.0 = LIB Debug|Win32
		{A87A246B-7D36-4587-BF4D-BBF4F0BE8AD1}.LIB Release|Win32.ActiveCfg = LIB Release|Win32
		{A87A246B-7D36-4587-BF4D-BBF4F0BE8AD1}.LIB Release|Win32.Build.0 = LIB Release|Win32
		{A87A246B-7D36-4587-BF4D-BBF4F0BE8AD1}.Release|Win32.ActiveCfg = LIB Release|Win32
		{A87A246B-7D36-4587-BF4D-BBF4F0BE8AD1}.Release|Win32.Build.0 = LIB Release|Win32
	EndGlobalSection
	GlobalSection(SolutionProperties) = preSolution
		HideSolutionNode = FALSE
	EndGlobalSection
EndGlobal
