Microsoft Visual Studio Solution File, Format Version 9.00
# Visual Studio 2005
Project("{8BC9CEB8-8B4A-11D0-8D11-00A0C91BC942}") = "VNCHooks", "VNCHooks\VNCHooks.vcproj", "{5E675ECA-08E3-46B5-BCB5-D17DF5F9E421}"
EndProject
Project("{8BC9CEB8-8B4A-11D0-8D11-00A0C91BC942}") = "WinVNC", "WinVNC.vcproj", "{139BD21E-75CC-4CA6-A19C-5FC8F1D24E3C}"
	ProjectSection(ProjectDependencies) = postProject
		{FFC2661F-A7D1-4F41-B2BC-CC642E9E6BA2} = {FFC2661F-A7D1-4F41-B2BC-CC642E9E6BA2}
		{A87A246B-7D36-4587-BF4D-BBF4F0BE8AD1} = {A87A246B-7D36-4587-BF4D-BBF4F0BE8AD1}
		{498930A4-7DF8-4490-A957-9144368AE0AE} = {498930A4-7DF8-4490-A957-9144368AE0AE}
		{2FCA0CB0-57BE-4181-AE90-D7E466AA74D2} = {2FCA0CB0-57BE-4181-AE90-D7E466AA74D2}
		{5E675ECA-08E3-46B5-BCB5-D17DF5F9E421} = {5E675ECA-08E3-46B5-BCB5-D17DF5F9E421}
	EndProjectSection
EndProject
Project("{8BC9CEB8-8B4A-11D0-8D11-00A0C91BC942}") = "omnithread", "omnithread\omnithread.vcproj", "{FFC2661F-A7D1-4F41-B2BC-CC642E9E6BA2}"
EndProject
Project("{8BC9CEB8-8B4A-11D0-8D11-00A0C91BC942}") = "libjpeg", "..\libjpeg\libjpeg.vcproj", "{498930A4-7DF8-4490-A957-9144368AE0AE}"
EndProject
Project("{8BC9CEB8-8B4A-11D0-8D11-00A0C91BC942}") = "libpng", "..\libpng\projects\visualc71\libpng.vcproj", "{A87A246B-7D36-4587-BF4D-BBF4F0BE8AD1}"
EndProject
Project("{8BC9CEB8-8B4A-11D0-8D11-00A0C91BC942}") = "zlib", "..\libpng\projects\visualc71\zlib.vcproj", "{2FCA0CB0-57BE-4181-AE90-D7E466AA74D2}"
EndProject
Global
	GlobalSection(SolutionConfigurationPlatforms) = preSolution
		Debug|Win32 = Debug|Win32
		DLL ASM Debug|Win32 = DLL ASM Debug|Win32
		DLL ASM Release|Win32 = DLL ASM Release|Win32
		DLL Debug|Win32 = DLL Debug|Win32
		DLL Release|Win32 = DLL Release|Win32
		DLL VB|Win32 = DLL VB|Win32
		HorizonLive|Win32 = HorizonLive|Win32
		LIB ASM Debug|Win32 = LIB ASM Debug|Win32
		LIB ASM Release|Win32 = LIB ASM Release|Win32
		LIB Debug|Win32 = LIB Debug|Win32
		LIB Release|Win32 = LIB Release|Win32
		Profile|Win32 = Profile|Win32
		Release CORBA DEBUG|Win32 = Release CORBA DEBUG|Win32
		Release CORBA|Win32 = Release CORBA|Win32
		Release|Win32 = Release|Win32
	EndGlobalSection
	GlobalSection(ProjectConfigurationPlatforms) = postSolution
		{5E675ECA-08E3-46B5-BCB5-D17DF5F9E421}.Debug|Win32.ActiveCfg = Debug|Win32
		{5E675ECA-08E3-46B5-BCB5-D17DF5F9E421}.Debug|Win32.Build.0 = Debug|Win32
		{5E675ECA-08E3-46B5-BCB5-D17DF5F9E421}.DLL ASM Debug|Win32.ActiveCfg = Debug|Win32
		{5E675ECA-08E3-46B5-BCB5-D17DF5F9E421}.DLL ASM Debug|Win32.Build.0 = Debug|Win32
		{5E675ECA-08E3-46B5-BCB5-D17DF5F9E421}.DLL ASM Release|Win32.ActiveCfg = Release|Win32
		{5E675ECA-08E3-46B5-BCB5-D17DF5F9E421}.DLL ASM Release|Win32.Build.0 = Release|Win32
		{5E675ECA-08E3-46B5-BCB5-D17DF5F9E421}.DLL Debug|Win32.ActiveCfg = Debug|Win32
		{5E675ECA-08E3-46B5-BCB5-D17DF5F9E421}.DLL Debug|Win32.Build.0 = Debug|Win32
		{5E675ECA-08E3-46B5-BCB5-D17DF5F9E421}.DLL Release|Win32.ActiveCfg = Release|Win32
		{5E675ECA-08E3-46B5-BCB5-D17DF5F9E421}.DLL Release|Win32.Build.0 = Release|Win32
		{5E675ECA-08E3-46B5-BCB5-D17DF5F9E421}.DLL VB|Win32.ActiveCfg = Debug|Win32
		{5E675ECA-08E3-46B5-BCB5-D17DF5F9E421}.DLL VB|Win32.Build.0 = Debug|Win32
		{5E675ECA-08E3-46B5-BCB5-D17DF5F9E421}.HorizonLive|Win32.ActiveCfg = HorizonLive|Win32
		{5E675ECA-08E3-46B5-BCB5-D17DF5F9E421}.HorizonLive|Win32.Build.0 = HorizonLive|Win32
		{5E675ECA-08E3-46B5-BCB5-D17DF5F9E421}.LIB ASM Debug|Win32.ActiveCfg = Debug|Win32
		{5E675ECA-08E3-46B5-BCB5-D17DF5F9E421}.LIB ASM Debug|Win32.Build.0 = Debug|Win32
		{5E675ECA-08E3-46B5-BCB5-D17DF5F9E421}.LIB ASM Release|Win32.ActiveCfg = Release|Win32
		{5E675ECA-08E3-46B5-BCB5-D17DF5F9E421}.LIB ASM Release|Win32.Build.0 = Release|Win32
		{5E675ECA-08E3-46B5-BCB5-D17DF5F9E421}.LIB Debug|Win32.ActiveCfg = Debug|Win32
		{5E675ECA-08E3-46B5-BCB5-D17DF5F9E421}.LIB Debug|Win32.Build.0 = Debug|Win32
		{5E675ECA-08E3-46B5-BCB5-D17DF5F9E421}.LIB Release|Win32.ActiveCfg = Release|Win32
		{5E675ECA-08E3-46B5-BCB5-D17DF5F9E421}.LIB Release|Win32.Build.0 = Release|Win32
		{5E675ECA-08E3-46B5-BCB5-D17DF5F9E421}.Profile|Win32.ActiveCfg = Profile|Win32
		{5E675ECA-08E3-46B5-BCB5-D17DF5F9E421}.Profile|Win32.Build.0 = Profile|Win32
		{5E675ECA-08E3-46B5-BCB5-D17DF5F9E421}.Release CORBA DEBUG|Win32.ActiveCfg = Release|Win32
		{5E675ECA-08E3-46B5-BCB5-D17DF5F9E421}.Release CORBA DEBUG|Win32.Build.0 = Release|Win32
		{5E675ECA-08E3-46B5-BCB5-D17DF5F9E421}.Release CORBA|Win32.ActiveCfg = Release|Win32
		{5E675ECA-08E3-46B5-BCB5-D17DF5F9E421}.Release CORBA|Win32.Build.0 = Release|Win32
		{5E675ECA-08E3-46B5-BCB5-D17DF5F9E421}.Release|Win32.ActiveCfg = Release|Win32
		{5E675ECA-08E3-46B5-BCB5-D17DF5F9E421}.Release|Win32.Build.0 = Release|Win32
		{139BD21E-75CC-4CA6-A19C-5FC8F1D24E3C}.Debug|Win32.ActiveCfg = Debug|Win32
		{139BD21E-75CC-4CA6-A19C-5FC8F1D24E3C}.Debug|Win32.Build.0 = Debug|Win32
		{139BD21E-75CC-4CA6-A19C-5FC8F1D24E3C}.DLL ASM Debug|Win32.ActiveCfg = Debug|Win32
		{139BD21E-75CC-4CA6-A19C-5FC8F1D24E3C}.DLL ASM Debug|Win32.Build.0 = Debug|Win32
		{139BD21E-75CC-4CA6-A19C-5FC8F1D24E3C}.DLL ASM Release|Win32.ActiveCfg = Release|Win32
		{139BD21E-75CC-4CA6-A19C-5FC8F1D24E3C}.DLL ASM Release|Win32.Build.0 = Release|Win32
		{139BD21E-75CC-4CA6-A19C-5FC8F1D24E3C}.DLL Debug|Win32.ActiveCfg = Debug|Win32
		{139BD21E-75CC-4CA6-A19C-5FC8F1D24E3C}.DLL Debug|Win32.Build.0 = Debug|Win32
		{139BD21E-75CC-4CA6-A19C-5FC8F1D24E3C}.DLL Release|Win32.ActiveCfg = Release|Win32
		{139BD21E-75CC-4CA6-A19C-5FC8F1D24E3C}.DLL Release|Win32.Build.0 = Release|Win32
		{139BD21E-75CC-4CA6-A19C-5FC8F1D24E3C}.DLL VB|Win32.ActiveCfg = Debug|Win32
		{139BD21E-75CC-4CA6-A19C-5FC8F1D24E3C}.DLL VB|Win32.Build.0 = Debug|Win32
		{139BD21E-75CC-4CA6-A19C-5FC8F1D24E3C}.HorizonLive|Win32.ActiveCfg = HorizonLive|Win32
		{139BD21E-75CC-4CA6-A19C-5FC8F1D24E3C}.HorizonLive|Win32.Build.0 = HorizonLive|Win32
		{139BD21E-75CC-4CA6-A19C-5FC8F1D24E3C}.LIB ASM Debug|Win32.ActiveCfg = Debug|Win32
		{139BD21E-75CC-4CA6-A19C-5FC8F1D24E3C}.LIB ASM Debug|Win32.Build.0 = Debug|Win32
		{139BD21E-75CC-4CA6-A19C-5FC8F1D24E3C}.LIB ASM Release|Win32.ActiveCfg = Release|Win32
		{139BD21E-75CC-4CA6-A19C-5FC8F1D24E3C}.LIB ASM Release|Win32.Build.0 = Release|Win32
		{139BD21E-75CC-4CA6-A19C-5FC8F1D24E3C}.LIB Debug|Win32.ActiveCfg = Debug|Win32
		{139BD21E-75CC-4CA6-A19C-5FC8F1D24E3C}.LIB Debug|Win32.Build.0 = Debug|Win32
		{139BD21E-75CC-4CA6-A19C-5FC8F1D24E3C}.LIB Release|Win32.ActiveCfg = Release|Win32
		{139BD21E-75CC-4CA6-A19C-5FC8F1D24E3C}.LIB Release|Win32.Build.0 = Release|Win32
		{139BD21E-75CC-4CA6-A19C-5FC8F1D24E3C}.Profile|Win32.ActiveCfg = Profile|Win32
		{139BD21E-75CC-4CA6-A19C-5FC8F1D24E3C}.Profile|Win32.Build.0 = Profile|Win32
		{139BD21E-75CC-4CA6-A19C-5FC8F1D24E3C}.Release CORBA DEBUG|Win32.ActiveCfg = Release|Win32
		{139BD21E-75CC-4CA6-A19C-5FC8F1D24E3C}.Release CORBA DEBUG|Win32.Build.0 = Release|Win32
		{139BD21E-75CC-4CA6-A19C-5FC8F1D24E3C}.Release CORBA|Win32.ActiveCfg = Release|Win32
		{139BD21E-75CC-4CA6-A19C-5FC8F1D24E3C}.Release CORBA|Win32.Build.0 = Release|Win32
		{139BD21E-75CC-4CA6-A19C-5FC8F1D24E3C}.Release|Win32.ActiveCfg = Release|Win32
		{139BD21E-75CC-4CA6-A19C-5FC8F1D24E3C}.Release|Win32.Build.0 = Release|Win32
		{FFC2661F-A7D1-4F41-B2BC-CC642E9E6BA2}.Debug|Win32.ActiveCfg = Debug|Win32
		{FFC2661F-A7D1-4F41-B2BC-CC642E9E6BA2}.Debug|Win32.Build.0 = Debug|Win32
		{FFC2661F-A7D1-4F41-B2BC-CC642E9E6BA2}.DLL ASM Debug|Win32.ActiveCfg = Debug|Win32
		{FFC2661F-A7D1-4F41-B2BC-CC642E9E6BA2}.DLL ASM Debug|Win32.Build.0 = Debug|Win32
		{FFC2661F-A7D1-4F41-B2BC-CC642E9E6BA2}.DLL ASM Release|Win32.ActiveCfg = Release|Win32
		{FFC2661F-A7D1-4F41-B2BC-CC642E9E6BA2}.DLL ASM Release|Win32.Build.0 = Release|Win32
		{FFC2661F-A7D1-4F41-B2BC-CC642E9E6BA2}.DLL Debug|Win32.ActiveCfg = Debug|Win32
		{FFC2661F-A7D1-4F41-B2BC-CC642E9E6BA2}.DLL Debug|Win32.Build.0 = Debug|Win32
		{FFC2661F-A7D1-4F41-B2BC-CC642E9E6BA2}.DLL Release|Win32.ActiveCfg = Release|Win32
		{FFC2661F-A7D1-4F41-B2BC-CC642E9E6BA2}.DLL Release|Win32.Build.0 = Release|Win32
		{FFC2661F-A7D1-4F41-B2BC-CC642E9E6BA2}.DLL VB|Win32.ActiveCfg = Debug|Win32
		{FFC2661F-A7D1-4F41-B2BC-CC642E9E6BA2}.DLL VB|Win32.Build.0 = Debug|Win32
		{FFC2661F-A7D1-4F41-B2BC-CC642E9E6BA2}.HorizonLive|Win32.ActiveCfg = HorizonLive|Win32
		{FFC2661F-A7D1-4F41-B2BC-CC642E9E6BA2}.HorizonLive|Win32.Build.0 = HorizonLive|Win32
		{FFC2661F-A7D1-4F41-B2BC-CC642E9E6BA2}.LIB ASM Debug|Win32.ActiveCfg = Debug|Win32
		{FFC2661F-A7D1-4F41-B2BC-CC642E9E6BA2}.LIB ASM Debug|Win32.Build.0 = Debug|Win32
		{FFC2661F-A7D1-4F41-B2BC-CC642E9E6BA2}.LIB ASM Release|Win32.ActiveCfg = Release|Win32
		{FFC2661F-A7D1-4F41-B2BC-CC642E9E6BA2}.LIB ASM Release|Win32.Build.0 = Release|Win32
		{FFC2661F-A7D1-4F41-B2BC-CC642E9E6BA2}.LIB Debug|Win32.ActiveCfg = Debug|Win32
		{FFC2661F-A7D1-4F41-B2BC-CC642E9E6BA2}.LIB Debug|Win32.Build.0 = Debug|Win32
		{FFC2661F-A7D1-4F41-B2BC-CC642E9E6BA2}.LIB Release|Win32.ActiveCfg = Release|Win32
		{FFC2661F-A7D1-4F41-B2BC-CC642E9E6BA2}.LIB Release|Win32.Build.0 = Release|Win32
		{FFC2661F-A7D1-4F41-B2BC-CC642E9E6BA2}.Profile|Win32.ActiveCfg = Profile|Win32
		{FFC2661F-A7D1-4F41-B2BC-CC642E9E6BA2}.Profile|Win32.Build.0 = Profile|Win32
		{FFC2661F-A7D1-4F41-B2BC-CC642E9E6BA2}.Release CORBA DEBUG|Win32.ActiveCfg = Release|Win32
		{FFC2661F-A7D1-4F41-B2BC-CC642E9E6BA2}.Release CORBA DEBUG|Win32.Build.0 = Release|Win32
		{FFC2661F-A7D1-4F41-B2BC-CC642E9E6BA2}.Release CORBA|Win32.ActiveCfg = Release|Win32
		{FFC2661F-A7D1-4F41-B2BC-CC642E9E6BA2}.Release CORBA|Win32.Build.0 = Release|Win32
		{FFC2661F-A7D1-4F41-B2BC-CC642E9E6BA2}.Release|Win32.ActiveCfg = Release|Win32
		{FFC2661F-A7D1-4F41-B2BC-CC642E9E6BA2}.Release|Win32.Build.0 = Release|Win32
		{498930A4-7DF8-4490-A957-9144368AE0AE}.Debug|Win32.ActiveCfg = Debug|Win32
		{498930A4-7DF8-4490-A957-9144368AE0AE}.Debug|Win32.Build.0 = Debug|Win32
		{498930A4-7DF8-4490-A957-9144368AE0AE}.DLL ASM Debug|Win32.ActiveCfg = Debug|Win32
		{498930A4-7DF8-4490-A957-9144368AE0AE}.DLL ASM Debug|Win32.Build.0 = Debug|Win32
		{498930A4-7DF8-4490-A957-9144368AE0AE}.DLL ASM Release|Win32.ActiveCfg = Release|Win32
		{498930A4-7DF8-4490-A957-9144368AE0AE}.DLL ASM Release|Win32.Build.0 = Release|Win32
		{498930A4-7DF8-4490-A957-9144368AE0AE}.DLL Debug|Win32.ActiveCfg = Debug|Win32
		{498930A4-7DF8-4490-A957-9144368AE0AE}.DLL Debug|Win32.Build.0 = Debug|Win32
		{498930A4-7DF8-4490-A957-9144368AE0AE}.DLL Release|Win32.ActiveCfg = Release|Win32
		{498930A4-7DF8-4490-A957-9144368AE0AE}.DLL Release|Win32.Build.0 = Release|Win32
		{498930A4-7DF8-4490-A957-9144368AE0AE}.DLL VB|Win32.ActiveCfg = Debug|Win32
		{498930A4-7DF8-4490-A957-9144368AE0AE}.DLL VB|Win32.Build.0 = Debug|Win32
		{498930A4-7DF8-4490-A957-9144368AE0AE}.HorizonLive|Win32.ActiveCfg = Release|Win32
		{498930A4-7DF8-4490-A957-9144368AE0AE}.HorizonLive|Win32.Build.0 = Release|Win32
		{498930A4-7DF8-4490-A957-9144368AE0AE}.LIB ASM Debug|Win32.ActiveCfg = Debug|Win32
		{498930A4-7DF8-4490-A957-9144368AE0AE}.LIB ASM Debug|Win32.Build.0 = Debug|Win32
		{498930A4-7DF8-4490-A957-9144368AE0AE}.LIB ASM Release|Win32.ActiveCfg = Release|Win32
		{498930A4-7DF8-4490-A957-9144368AE0AE}.LIB ASM Release|Win32.Build.0 = Release|Win32
		{498930A4-7DF8-4490-A957-9144368AE0AE}.LIB Debug|Win32.ActiveCfg = Debug|Win32
		{498930A4-7DF8-4490-A957-9144368AE0AE}.LIB Debug|Win32.Build.0 = Debug|Win32
		{498930A4-7DF8-4490-A957-9144368AE0AE}.LIB Release|Win32.ActiveCfg = Release|Win32
		{498930A4-7DF8-4490-A957-9144368AE0AE}.LIB Release|Win32.Build.0 = Release|Win32
		{498930A4-7DF8-4490-A957-9144368AE0AE}.Profile|Win32.ActiveCfg = Release|Win32
		{498930A4-7DF8-4490-A957-9144368AE0AE}.Profile|Win32.Build.0 = Release|Win32
		{498930A4-7DF8-4490-A957-9144368AE0AE}.Release CORBA DEBUG|Win32.ActiveCfg = Release|Win32
		{498930A4-7DF8-4490-A957-9144368AE0AE}.Release CORBA DEBUG|Win32.Build.0 = Release|Win32
		{498930A4-7DF8-4490-A957-9144368AE0AE}.Release CORBA|Win32.ActiveCfg = Release|Win32
		{498930A4-7DF8-4490-A957-9144368AE0AE}.Release CORBA|Win32.Build.0 = Release|Win32
		{498930A4-7DF8-4490-A957-9144368AE0AE}.Release|Win32.ActiveCfg = Release|Win32
		{498930A4-7DF8-4490-A957-9144368AE0AE}.Release|Win32.Build.0 = Release|Win32
		{A87A246B-7D36-4587-BF4D-BBF4F0BE8AD1}.Debug|Win32.ActiveCfg = LIB ASM Debug|Win32
		{A87A246B-7D36-4587-BF4D-BBF4F0BE8AD1}.Debug|Win32.Build.0 = LIB ASM Debug|Win32
		{A87A246B-7D36-4587-BF4D-BBF4F0BE8AD1}.DLL ASM Debug|Win32.ActiveCfg = DLL ASM Debug|Win32
		{A87A246B-7D36-4587-BF4D-BBF4F0BE8AD1}.DLL ASM Debug|Win32.Build.0 = DLL ASM Debug|Win32
		{A87A246B-7D36-4587-BF4D-BBF4F0BE8AD1}.DLL ASM Release|Win32.ActiveCfg = DLL ASM Release|Win32
		{A87A246B-7D36-4587-BF4D-BBF4F0BE8AD1}.DLL ASM Release|Win32.Build.0 = DLL ASM Release|Win32
		{A87A246B-7D36-4587-BF4D-BBF4F0BE8AD1}.DLL Debug|Win32.ActiveCfg = DLL Debug|Win32
		{A87A246B-7D36-4587-BF4D-BBF4F0BE8AD1}.DLL Debug|Win32.Build.0 = DLL Debug|Win32
		{A87A246B-7D36-4587-BF4D-BBF4F0BE8AD1}.DLL Release|Win32.ActiveCfg = DLL Release|Win32
		{A87A246B-7D36-4587-BF4D-BBF4F0BE8AD1}.DLL Release|Win32.Build.0 = DLL Release|Win32
		{A87A246B-7D36-4587-BF4D-BBF4F0BE8AD1}.DLL VB|Win32.ActiveCfg = DLL VB|Win32
		{A87A246B-7D36-4587-BF4D-BBF4F0BE8AD1}.DLL VB|Win32.Build.0 = DLL VB|Win32
		{A87A246B-7D36-4587-BF4D-BBF4F0BE8AD1}.HorizonLive|Win32.ActiveCfg = LIB ASM Debug|Win32
		{A87A246B-7D36-4587-BF4D-BBF4F0BE8AD1}.HorizonLive|Win32.Build.0 = LIB ASM Debug|Win32
		{A87A246B-7D36-4587-BF4D-BBF4F0BE8AD1}.LIB ASM Debug|Win32.ActiveCfg = LIB ASM Debug|Win32
		{A87A246B-7D36-4587-BF4D-BBF4F0BE8AD1}.LIB ASM Debug|Win32.Build.0 = LIB ASM Debug|Win32
		{A87A246B-7D36-4587-BF4D-BBF4F0BE8AD1}.LIB ASM Release|Win32.ActiveCfg = LIB ASM Release|Win32
		{A87A246B-7D36-4587-BF4D-BBF4F0BE8AD1}.LIB ASM Release|Win32.Build.0 = LIB ASM Release|Win32
		{A87A246B-7D36-4587-BF4D-BBF4F0BE8AD1}.LIB Debug|Win32.ActiveCfg = LIB Debug|Win32
		{A87A246B-7D36-4587-BF4D-BBF4F0BE8AD1}.LIB Debug|Win32.Build.0 = LIB Debug|Win32
		{A87A246B-7D36-4587-BF4D-BBF4F0BE8AD1}.LIB Release|Win32.ActiveCfg = LIB Release|Win32
		{A87A246B-7D36-4587-BF4D-BBF4F0BE8AD1}.LIB Release|Win32.Build.0 = LIB Release|Win32
		{A87A246B-7D36-4587-BF4D-BBF4F0BE8AD1}.Profile|Win32.ActiveCfg = LIB ASM Debug|Win32
		{A87A246B-7D36-4587-BF4D-BBF4F0BE8AD1}.Profile|Win32.Build.0 = LIB ASM Debug|Win32
		{A87A246B-7D36-4587-BF4D-BBF4F0BE8AD1}.Release CORBA DEBUG|Win32.ActiveCfg = LIB ASM Debug|Win32
		{A87A246B-7D36-4587-BF4D-BBF4F0BE8AD1}.Release CORBA DEBUG|Win32.Build.0 = LIB ASM Debug|Win32
		{A87A246B-7D36-4587-BF4D-BBF4F0BE8AD1}.Release CORBA|Win32.ActiveCfg = LIB ASM Debug|Win32
		{A87A246B-7D36-4587-BF4D-BBF4F0BE8AD1}.Release CORBA|Win32.Build.0 = LIB ASM Debug|Win32
		{A87A246B-7D36-4587-BF4D-BBF4F0BE8AD1}.Release|Win32.ActiveCfg = LIB ASM Release|Win32
		{A87A246B-7D36-4587-BF4D-BBF4F0BE8AD1}.Release|Win32.Build.0 = LIB ASM Release|Win32
		{2FCA0CB0-57BE-4181-AE90-D7E466AA74D2}.Debug|Win32.ActiveCfg = LIB Debug|Win32
		{2FCA0CB0-57BE-4181-AE90-D7E466AA74D2}.Debug|Win32.Build.0 = LIB Debug|Win32
		{2FCA0CB0-57BE-4181-AE90-D7E466AA74D2}.DLL ASM Debug|Win32.ActiveCfg = DLL ASM Debug|Win32
		{2FCA0CB0-57BE-4181-AE90-D7E466AA74D2}.DLL ASM Debug|Win32.Build.0 = DLL ASM Debug|Win32
		{2FCA0CB0-57BE-4181-AE90-D7E466AA74D2}.DLL ASM Release|Win32.ActiveCfg = DLL ASM Release|Win32
		{2FCA0CB0-57BE-4181-AE90-D7E466AA74D2}.DLL ASM Release|Win32.Build.0 = DLL ASM Release|Win32
		{2FCA0CB0-57BE-4181-AE90-D7E466AA74D2}.DLL Debug|Win32.ActiveCfg = DLL Debug|Win32
		{2FCA0CB0-57BE-4181-AE90-D7E466AA74D2}.DLL Debug|Win32.Build.0 = DLL Debug|Win32
		{2FCA0CB0-57BE-4181-AE90-D7E466AA74D2}.DLL Release|Win32.ActiveCfg = DLL Release|Win32
		{2FCA0CB0-57BE-4181-AE90-D7E466AA74D2}.DLL Release|Win32.Build.0 = DLL Release|Win32
		{2FCA0CB0-57BE-4181-AE90-D7E466AA74D2}.DLL VB|Win32.ActiveCfg = DLL ASM Debug|Win32
		{2FCA0CB0-57BE-4181-AE90-D7E466AA74D2}.DLL VB|Win32.Build.0 = DLL ASM Debug|Win32
		{2FCA0CB0-57BE-4181-AE90-D7E466AA74D2}.HorizonLive|Win32.ActiveCfg = LIB ASM Debug|Win32
		{2FCA0CB0-57BE-4181-AE90-D7E466AA74D2}.HorizonLive|Win32.Build.0 = LIB ASM Debug|Win32
		{2FCA0CB0-57BE-4181-AE90-D7E466AA74D2}.LIB ASM Debug|Win32.ActiveCfg = LIB ASM Debug|Win32
		{2FCA0CB0-57BE-4181-AE90-D7E466AA74D2}.LIB ASM Debug|Win32.Build.0 = LIB ASM Debug|Win32
		{2FCA0CB0-57BE-4181-AE90-D7E466AA74D2}.LIB ASM Release|Win32.ActiveCfg = LIB ASM Release|Win32
		{2FCA0CB0-57BE-4181-AE90-D7E466AA74D2}.LIB ASM Release|Win32.Build.0 = LIB ASM Release|Win32
		{2FCA0CB0-57BE-4181-AE90-D7E466AA74D2}.LIB Debug|Win32.ActiveCfg = LIB Debug|Win32
		{2FCA0CB0-57BE-4181-AE90-D7E466AA74D2}.LIB Debug|Win32.Build.0 = LIB Debug|Win32
		{2FCA0CB0-57BE-4181-AE90-D7E466AA74D2}.LIB Release|Win32.ActiveCfg = LIB Release|Win32
		{2FCA0CB0-57BE-4181-AE90-D7E466AA74D2}.LIB Release|Win32.Build.0 = LIB Release|Win32
		{2FCA0CB0-57BE-4181-AE90-D7E466AA74D2}.Profile|Win32.ActiveCfg = LIB ASM Debug|Win32
		{2FCA0CB0-57BE-4181-AE90-D7E466AA74D2}.Profile|Win32.Build.0 = LIB ASM Debug|Win32
		{2FCA0CB0-57BE-4181-AE90-D7E466AA74D2}.Release CORBA DEBUG|Win32.ActiveCfg = LIB ASM Debug|Win32
		{2FCA0CB0-57BE-4181-AE90-D7E466AA74D2}.Release CORBA DEBUG|Win32.Build.0 = LIB ASM Debug|Win32
		{2FCA0CB0-57BE-4181-AE90-D7E466AA74D2}.Release CORBA|Win32.ActiveCfg = LIB ASM Debug|Win32
		{2FCA0CB0-57BE-4181-AE90-D7E466AA74D2}.Release CORBA|Win32.Build.0 = LIB ASM Debug|Win32
		{2FCA0CB0-57BE-4181-AE90-D7E466AA74D2}.Release|Win32.ActiveCfg = LIB Release|Win32
		{2FCA0CB0-57BE-4181-AE90-D7E466AA74D2}.Release|Win32.Build.0 = LIB Release|Win32
	EndGlobalSection
	GlobalSection(SolutionProperties) = preSolution
		HideSolutionNode = FALSE
	EndGlobalSection
EndGlobal
